
Microsoft Visual Studio Solution File, Format Version 12.00
# Visual Studio Version 17
VisualStudioVersion = 17.0.31912.275
MinimumVisualStudioVersion = 10.0.40219.1
Project("{FAE04EC0-301F-11D3-BF4B-00C04F79EFBC}") = "Amped.API", "Amped.API\Amped.API.csproj", "{72E8CCC7-30D6-4B74-BFD7-ED6B1812E5B6}"
EndProject
Project("{FAE04EC0-301F-11D3-BF4B-00C04F79EFBC}") = "Amped.API.Tests", "Amped.API.Tests\Amped.API.Tests.csproj", "{A0C5C66A-628F-4D08-A5E2-5E233AB30BDC}"
EndProject
Global
	GlobalSection(SolutionConfigurationPlatforms) = preSolution
		Debug|Any CPU = Debug|Any CPU
		Release|Any CPU = Release|Any CPU
	EndGlobalSection
	GlobalSection(ProjectConfigurationPlatforms) = postSolution
		{72E8CCC7-30D6-4B74-BFD7-ED6B1812E5B6}.Debug|Any CPU.ActiveCfg = Debug|Any CPU
		{72E8CCC7-30D6-4B74-BFD7-ED6B1812E5B6}.Debug|Any CPU.Build.0 = Debug|Any CPU
		{72E8CCC7-30D6-4B74-BFD7-ED6B1812E5B6}.Release|Any CPU.ActiveCfg = Release|Any CPU
		{72E8CCC7-30D6-4B74-BFD7-ED6B1812E5B6}.Release|Any CPU.Build.0 = Release|Any CPU
		{A0C5C66A-628F-4D08-A5E2-5E233AB30BDC}.Debug|Any CPU.ActiveCfg = Debug|Any CPU
		{A0C5C66A-628F-4D08-A5E2-5E233AB30BDC}.Debug|Any CPU.Build.0 = Debug|Any CPU
		{A0C5C66A-628F-4D08-A5E2-5E233AB30BDC}.Release|Any CPU.ActiveCfg = Release|Any CPU
		{A0C5C66A-628F-4D08-A5E2-5E233AB30BDC}.Release|Any CPU.Build.0 = Release|Any CPU
	EndGlobalSection
	GlobalSection(SolutionProperties) = preSolution
		HideSolutionNode = FALSE
	EndGlobalSection
	GlobalSection(ExtensibilityGlobals) = postSolution
		SolutionGuid = {47838AFC-CEDF-4F22-828C-B165D0229EF6}
	EndGlobalSection
EndGlobal
