
Microsoft Visual Studio Solution File, Format Version 12.00
# Visual Studio Version 17
VisualStudioVersion = 17.0.31912.275
MinimumVisualStudioVersion = 10.0.40219.1
Project("{9A19103F-16F7-4668-BE54-9A1E7A4F7556}") = "Amped.Bookmarks.API", "Amped.Bookmarks.API\Amped.Bookmarks.API.csproj", "{72E8CCC7-30D6-4B74-BFD7-ED6B1812E5B6}"
EndProject
Project("{9A19103F-16F7-4668-BE54-9A1E7A4F7556}") = "Amped.Bookmarks.API.Tests", "Amped.Bookmarks.API.Tests\Amped.Bookmarks.API.Tests.csproj", "{A0C5C66A-628F-4D08-A5E2-5E233AB30BDC}"
EndProject
Project("{9A19103F-16F7-4668-BE54-9A1E7A4F7556}") = "Amped.Bookmarks.Core", "Amped.Bookmarks.Core\Amped.Bookmarks.Core.csproj", "{BC421001-60A0-429D-B4D7-75B493175492}"
EndProject
Project("{9A19103F-16F7-4668-BE54-9A1E7A4F7556}") = "Amped.Bookmarks.Queries", "Amped.Bookmarks.Queries\Amped.Bookmarks.Queries.csproj", "{359A2614-DCD0-44EA-B8C8-B42CBBA47250}"
EndProject
Project("{9A19103F-16F7-4668-BE54-9A1E7A4F7556}") = "Amped.Bookmarks.Core.Tests", "Amped.Bookmarks.Core.Tests\Amped.Bookmarks.Core.Tests.csproj", "{20D08DC6-4BCC-40DB-9308-131E4B0BBA37}"
EndProject
Project("{9A19103F-16F7-4668-BE54-9A1E7A4F7556}") = "Amped.Bookmarks.Queries.Tests", "Amped.Bookmarks.Queries.Tests\Amped.Bookmarks.Queries.Tests.csproj", "{DEC28146-35C0-49CA-87DF-AD6CFDF28779}"
EndProject
Project("{E53339B2-1760-4266-BCC7-CA923CBCF16C}") = "docker-compose", "docker-compose.dcproj", "{7D74488B-41ED-4FF1-B523-FB1AC85794CF}"
EndProject
Project("{FAE04EC0-301F-11D3-BF4B-00C04F79EFBC}") = "Amped.Bookmarks.Infrastructure", "Amped.Bookmarks.Infrastructure\Amped.Bookmarks.Infrastructure.csproj", "{2C6A7095-2F97-485A-8B45-C4C70506F78A}"
EndProject
Project("{FAE04EC0-301F-11D3-BF4B-00C04F79EFBC}") = "Amped.Bookmarks.FunctionApp", "Amped.Bookmarks.FunctionApp\Amped.Bookmarks.FunctionApp.csproj", "{446B1C41-0B9C-483A-8960-21FACB418EFF}"
EndProject
Project("{FAE04EC0-301F-11D3-BF4B-00C04F79EFBC}") = "Amped.Bookmarks.FunctionApp.Tests", "Amped.Bookmarks.FunctionApp.Tests\Amped.Bookmarks.FunctionApp.Tests.csproj", "{C8D5E398-CAAF-429F-850F-FA52041D0305}"
EndProject
Global
	GlobalSection(SolutionConfigurationPlatforms) = preSolution
		Debug|Any CPU = Debug|Any CPU
		Release|Any CPU = Release|Any CPU
	EndGlobalSection
	GlobalSection(ProjectConfigurationPlatforms) = postSolution
		{72E8CCC7-30D6-4B74-BFD7-ED6B1812E5B6}.Debug|Any CPU.ActiveCfg = Debug|Any CPU
		{72E8CCC7-30D6-4B74-BFD7-ED6B1812E5B6}.Debug|Any CPU.Build.0 = Debug|Any CPU
		{72E8CCC7-30D6-4B74-BFD7-ED6B1812E5B6}.Release|Any CPU.ActiveCfg = Release|Any CPU
		{72E8CCC7-30D6-4B74-BFD7-ED6B1812E5B6}.Release|Any CPU.Build.0 = Release|Any CPU
		{A0C5C66A-628F-4D08-A5E2-5E233AB30BDC}.Debug|Any CPU.ActiveCfg = Debug|Any CPU
		{A0C5C66A-628F-4D08-A5E2-5E233AB30BDC}.Debug|Any CPU.Build.0 = Debug|Any CPU
		{A0C5C66A-628F-4D08-A5E2-5E233AB30BDC}.Release|Any CPU.ActiveCfg = Release|Any CPU
		{A0C5C66A-628F-4D08-A5E2-5E233AB30BDC}.Release|Any CPU.Build.0 = Release|Any CPU
		{BC421001-60A0-429D-B4D7-75B493175492}.Debug|Any CPU.ActiveCfg = Debug|Any CPU
		{BC421001-60A0-429D-B4D7-75B493175492}.Debug|Any CPU.Build.0 = Debug|Any CPU
		{BC421001-60A0-429D-B4D7-75B493175492}.Release|Any CPU.ActiveCfg = Release|Any CPU
		{BC421001-60A0-429D-B4D7-75B493175492}.Release|Any CPU.Build.0 = Release|Any CPU
		{359A2614-DCD0-44EA-B8C8-B42CBBA47250}.Debug|Any CPU.ActiveCfg = Debug|Any CPU
		{359A2614-DCD0-44EA-B8C8-B42CBBA47250}.Debug|Any CPU.Build.0 = Debug|Any CPU
		{359A2614-DCD0-44EA-B8C8-B42CBBA47250}.Release|Any CPU.ActiveCfg = Release|Any CPU
		{359A2614-DCD0-44EA-B8C8-B42CBBA47250}.Release|Any CPU.Build.0 = Release|Any CPU
		{20D08DC6-4BCC-40DB-9308-131E4B0BBA37}.Debug|Any CPU.ActiveCfg = Debug|Any CPU
		{20D08DC6-4BCC-40DB-9308-131E4B0BBA37}.Debug|Any CPU.Build.0 = Debug|Any CPU
		{20D08DC6-4BCC-40DB-9308-131E4B0BBA37}.Release|Any CPU.ActiveCfg = Release|Any CPU
		{20D08DC6-4BCC-40DB-9308-131E4B0BBA37}.Release|Any CPU.Build.0 = Release|Any CPU
		{DEC28146-35C0-49CA-87DF-AD6CFDF28779}.Debug|Any CPU.ActiveCfg = Debug|Any CPU
		{DEC28146-35C0-49CA-87DF-AD6CFDF28779}.Debug|Any CPU.Build.0 = Debug|Any CPU
		{DEC28146-35C0-49CA-87DF-AD6CFDF28779}.Release|Any CPU.ActiveCfg = Release|Any CPU
		{DEC28146-35C0-49CA-87DF-AD6CFDF28779}.Release|Any CPU.Build.0 = Release|Any CPU
		{7D74488B-41ED-4FF1-B523-FB1AC85794CF}.Debug|Any CPU.ActiveCfg = Debug|Any CPU
		{7D74488B-41ED-4FF1-B523-FB1AC85794CF}.Debug|Any CPU.Build.0 = Debug|Any CPU
		{7D74488B-41ED-4FF1-B523-FB1AC85794CF}.Release|Any CPU.ActiveCfg = Release|Any CPU
		{7D74488B-41ED-4FF1-B523-FB1AC85794CF}.Release|Any CPU.Build.0 = Release|Any CPU
		{2C6A7095-2F97-485A-8B45-C4C70506F78A}.Debug|Any CPU.ActiveCfg = Debug|Any CPU
		{2C6A7095-2F97-485A-8B45-C4C70506F78A}.Debug|Any CPU.Build.0 = Debug|Any CPU
		{2C6A7095-2F97-485A-8B45-C4C70506F78A}.Release|Any CPU.ActiveCfg = Release|Any CPU
		{2C6A7095-2F97-485A-8B45-C4C70506F78A}.Release|Any CPU.Build.0 = Release|Any CPU
		{446B1C41-0B9C-483A-8960-21FACB418EFF}.Debug|Any CPU.ActiveCfg = Debug|Any CPU
		{446B1C41-0B9C-483A-8960-21FACB418EFF}.Debug|Any CPU.Build.0 = Debug|Any CPU
		{446B1C41-0B9C-483A-8960-21FACB418EFF}.Release|Any CPU.ActiveCfg = Release|Any CPU
		{446B1C41-0B9C-483A-8960-21FACB418EFF}.Release|Any CPU.Build.0 = Release|Any CPU
		{C8D5E398-CAAF-429F-850F-FA52041D0305}.Debug|Any CPU.ActiveCfg = Debug|Any CPU
		{C8D5E398-CAAF-429F-850F-FA52041D0305}.Debug|Any CPU.Build.0 = Debug|Any CPU
		{C8D5E398-CAAF-429F-850F-FA52041D0305}.Release|Any CPU.ActiveCfg = Release|Any CPU
		{C8D5E398-CAAF-429F-850F-FA52041D0305}.Release|Any CPU.Build.0 = Release|Any CPU
	EndGlobalSection
	GlobalSection(SolutionProperties) = preSolution
		HideSolutionNode = FALSE
	EndGlobalSection
	GlobalSection(ExtensibilityGlobals) = postSolution
		SolutionGuid = {47838AFC-CEDF-4F22-828C-B165D0229EF6}
	EndGlobalSection
EndGlobal
