
Microsoft Visual Studio Solution File, Format Version 12.00
Project("{FAE04EC0-301F-11D3-BF4B-00C04F79EFBC}") = "Mob", "Mob\Mob.csproj", "{104C8825-07C7-4B53-9A0F-94E4A8AFDF71}"
EndProject
Project("{FAE04EC0-301F-11D3-BF4B-00C04F79EFBC}") = "Mob.Tests", "Mob.Tests\Mob.Tests.csproj", "{098C48B3-6592-4282-9E8F-715973E957C6}"
EndProject
Global
	GlobalSection(SolutionConfigurationPlatforms) = preSolution
		Debug|Any CPU = Debug|Any CPU
		Release|Any CPU = Release|Any CPU
	EndGlobalSection
	GlobalSection(ProjectConfigurationPlatforms) = postSolution
		{104C8825-07C7-4B53-9A0F-94E4A8AFDF71}.Debug|Any CPU.ActiveCfg = Debug|Any CPU
		{104C8825-07C7-4B53-9A0F-94E4A8AFDF71}.Debug|Any CPU.Build.0 = Debug|Any CPU
		{104C8825-07C7-4B53-9A0F-94E4A8AFDF71}.Release|Any CPU.ActiveCfg = Release|Any CPU
		{104C8825-07C7-4B53-9A0F-94E4A8AFDF71}.Release|Any CPU.Build.0 = Release|Any CPU
		{098C48B3-6592-4282-9E8F-715973E957C6}.Debug|Any CPU.ActiveCfg = Debug|Any CPU
		{098C48B3-6592-4282-9E8F-715973E957C6}.Debug|Any CPU.Build.0 = Debug|Any CPU
		{098C48B3-6592-4282-9E8F-715973E957C6}.Release|Any CPU.ActiveCfg = Release|Any CPU
		{098C48B3-6592-4282-9E8F-715973E957C6}.Release|Any CPU.Build.0 = Release|Any CPU
	EndGlobalSection
EndGlobal
